
Microsoft Visual Studio Solution File, Format Version 12.00
# Visual Studio Version 17
VisualStudioVersion = 17.7.34202.233
MinimumVisualStudioVersion = 10.0.40219.1
Project("{FAE04EC0-301F-11D3-BF4B-00C04F79EFBC}") = "WebApplication1", "WebApplication1\WebApplication1.csproj", "{FFE77386-F6C0-4F5D-ADB4-A9174FF94F5E}"
EndProject
Global
	GlobalSection(SolutionConfigurationPlatforms) = preSolution
		Debug|Any CPU = Debug|Any CPU
		Release|Any CPU = Release|Any CPU
	EndGlobalSection
	GlobalSection(ProjectConfigurationPlatforms) = postSolution
		{FFE77386-F6C0-4F5D-ADB4-A9174FF94F5E}.Debug|Any CPU.ActiveCfg = Debug|Any CPU
		{FFE77386-F6C0-4F5D-ADB4-A9174FF94F5E}.Debug|Any CPU.Build.0 = Debug|Any CPU
		{FFE77386-F6C0-4F5D-ADB4-A9174FF94F5E}.Release|Any CPU.ActiveCfg = Release|Any CPU
		{FFE77386-F6C0-4F5D-ADB4-A9174FF94F5E}.Release|Any CPU.Build.0 = Release|Any CPU
	EndGlobalSection
	GlobalSection(SolutionProperties) = preSolution
		HideSolutionNode = FALSE
	EndGlobalSection
	GlobalSection(ExtensibilityGlobals) = postSolution
		SolutionGuid = {EA464CE2-4DF1-42EB-82B5-7660718AA5B1}
	EndGlobalSection
EndGlobal
